
Microsoft Visual Studio Solution File, Format Version 11.00
# Visual Studio 2010
Project("{FAE04EC0-301F-11D3-BF4B-00C04F79EFBC}") = "Invertigo", "Assembly-CSharp.csproj", "{35734C22-52B9-B68F-5992-2E7387AB0587}"
EndProject
Project("{FAE04EC0-301F-11D3-BF4B-00C04F79EFBC}") = "Invertigo", "Assembly-CSharp-Editor.csproj", "{3DD85793-664E-44FF-B814-5251D5EA26B5}"
EndProject
Global
	GlobalSection(SolutionConfigurationPlatforms) = preSolution
		Debug|Any CPU = Debug|Any CPU
		Release|Any CPU = Release|Any CPU
	EndGlobalSection
	GlobalSection(ProjectConfigurationPlatforms) = postSolution
		{35734C22-52B9-B68F-5992-2E7387AB0587}.Debug|Any CPU.ActiveCfg = Debug|Any CPU
		{35734C22-52B9-B68F-5992-2E7387AB0587}.Debug|Any CPU.Build.0 = Debug|Any CPU
		{35734C22-52B9-B68F-5992-2E7387AB0587}.Release|Any CPU.ActiveCfg = Release|Any CPU
		{35734C22-52B9-B68F-5992-2E7387AB0587}.Release|Any CPU.Build.0 = Release|Any CPU
		{3DD85793-664E-44FF-B814-5251D5EA26B5}.Debug|Any CPU.ActiveCfg = Debug|Any CPU
		{3DD85793-664E-44FF-B814-5251D5EA26B5}.Debug|Any CPU.Build.0 = Debug|Any CPU
		{3DD85793-664E-44FF-B814-5251D5EA26B5}.Release|Any CPU.ActiveCfg = Release|Any CPU
		{3DD85793-664E-44FF-B814-5251D5EA26B5}.Release|Any CPU.Build.0 = Release|Any CPU
	EndGlobalSection
	GlobalSection(SolutionProperties) = preSolution
		HideSolutionNode = FALSE
	EndGlobalSection
	GlobalSection(MonoDevelopProperties) = preSolution
		StartupItem = Assembly-CSharp.csproj
	EndGlobalSection
EndGlobal
